
Microsoft Visual Studio Solution File, Format Version 12.00
# Visual Studio Version 16
VisualStudioVersion = 16.0.30804.86
MinimumVisualStudioVersion = 10.0.40219.1
Project("{2150E333-8FDC-42A3-9474-1A3956D46DE8}") = "src", "src", "{3044AB16-37FB-45B5-B31F-346EE2FCCB4D}"
EndProject
Project("{9A19103F-16F7-4668-BE54-9A1E7A4F7556}") = "Orleans.NanoPersistance.Redis", "src\Orleans.NanoPersistance.Redis\Orleans.NanoPersistance.Redis.csproj", "{CA11A6C7-1E59-4CB7-98EA-DAA05A61A972}"
EndProject
Project("{2150E333-8FDC-42A3-9474-1A3956D46DE8}") = "samples", "samples", "{EDD3A293-74D4-45A9-A1A6-89355CA00292}"
EndProject
Project("{2150E333-8FDC-42A3-9474-1A3956D46DE8}") = "Persistance", "Persistance", "{76903321-2BD9-4CC2-A656-71CF41FE2B89}"
EndProject
Project("{2150E333-8FDC-42A3-9474-1A3956D46DE8}") = "test", "test", "{94C9B568-1AB5-4037-9D97-98BAC31A0F72}"
EndProject
Project("{9A19103F-16F7-4668-BE54-9A1E7A4F7556}") = "Orleans.NanoPersistance.Redis.Test", "test\Orleans.NanoPersistance.Redis.Test\Orleans.NanoPersistance.Redis.Test.csproj", "{6A38EFB1-FBFB-4F36-B927-C0861DEC9B74}"
EndProject
Project("{9A19103F-16F7-4668-BE54-9A1E7A4F7556}") = "Orleans.NanoReminder.Redis", "src\Orleans.NanoReminder.Redis\Orleans.NanoReminder.Redis.csproj", "{927CC999-3757-4B23-9400-C559F1D923CE}"
EndProject
Project("{2150E333-8FDC-42A3-9474-1A3956D46DE8}") = "Reminder", "Reminder", "{BB76C83E-7CAA-42AB-8218-082914686C7B}"
EndProject
Project("{9A19103F-16F7-4668-BE54-9A1E7A4F7556}") = "Orleans.NanoPersistance.Client.Sample", "samples\Persistance\Orleans.NanoPersistance.Client.Sample\Orleans.NanoPersistance.Client.Sample.csproj", "{F120209E-7974-47B2-A9BC-7A4851340215}"
EndProject
Project("{9A19103F-16F7-4668-BE54-9A1E7A4F7556}") = "Orleans.NanoPersistance.Grains.Sample", "samples\Persistance\Orleans.NanoPersistance.Grains.Sample\Orleans.NanoPersistance.Grains.Sample.csproj", "{58671744-DC02-4412-A52A-F4E002327D62}"
EndProject
Project("{9A19103F-16F7-4668-BE54-9A1E7A4F7556}") = "Orleans.NanoPersistance.Interfaces.Sample", "samples\Persistance\Orleans.NanoPersistance.Interfaces.Sample\Orleans.NanoPersistance.Interfaces.Sample.csproj", "{EC94E414-7E14-4FED-9F32-D00D2D0D2D78}"
EndProject
Project("{9A19103F-16F7-4668-BE54-9A1E7A4F7556}") = "Orleans.NanoPersistance.Models.Sample", "samples\Persistance\Orleans.NanoPersistance.Models.Sample\Orleans.NanoPersistance.Models.Sample.csproj", "{D238D671-A35F-43A2-ACA3-E3306823CB20}"
EndProject
Project("{9A19103F-16F7-4668-BE54-9A1E7A4F7556}") = "Orleans.NanoPersistance.Silo.Sample", "samples\Persistance\Orleans.NanoPersistance.Silo.Sample\Orleans.NanoPersistance.Silo.Sample.csproj", "{ED7D9604-C615-4C30-852D-76D27FB067FE}"
EndProject
Project("{9A19103F-16F7-4668-BE54-9A1E7A4F7556}") = "Orleans.NanoReminder.Client.Sample", "samples\Reminder\Orleans.NanoReminder.Client.Sample\Orleans.NanoReminder.Client.Sample.csproj", "{B76FED85-1875-4041-8280-63EF3B8D03D6}"
EndProject
Project("{9A19103F-16F7-4668-BE54-9A1E7A4F7556}") = "Orleans.NanoReminder.Grains.Sample", "samples\Reminder\Orleans.NanoReminder.Grains.Sample\Orleans.NanoReminder.Grains.Sample.csproj", "{E719FA8B-5916-4FE2-8869-6638E2879D61}"
EndProject
Project("{9A19103F-16F7-4668-BE54-9A1E7A4F7556}") = "Orleans.NanoReminder.Interfaces.Sample", "samples\Reminder\Orleans.NanoReminder.Interfaces.Sample\Orleans.NanoReminder.Interfaces.Sample.csproj", "{79607D6A-0788-4630-AB84-0CCD24DCA4D0}"
EndProject
Project("{9A19103F-16F7-4668-BE54-9A1E7A4F7556}") = "Orleans.NanoReminder.Silo.Sample", "samples\Reminder\Orleans.NanoReminder.Silo.Sample\Orleans.NanoReminder.Silo.Sample.csproj", "{4A85977A-935C-4264-9A93-04E2CED6D6CA}"
EndProject
Global
	GlobalSection(SolutionConfigurationPlatforms) = preSolution
		Debug|Any CPU = Debug|Any CPU
		Release|Any CPU = Release|Any CPU
	EndGlobalSection
	GlobalSection(ProjectConfigurationPlatforms) = postSolution
		{CA11A6C7-1E59-4CB7-98EA-DAA05A61A972}.Debug|Any CPU.ActiveCfg = Debug|Any CPU
		{CA11A6C7-1E59-4CB7-98EA-DAA05A61A972}.Debug|Any CPU.Build.0 = Debug|Any CPU
		{CA11A6C7-1E59-4CB7-98EA-DAA05A61A972}.Release|Any CPU.ActiveCfg = Release|Any CPU
		{CA11A6C7-1E59-4CB7-98EA-DAA05A61A972}.Release|Any CPU.Build.0 = Release|Any CPU
		{6A38EFB1-FBFB-4F36-B927-C0861DEC9B74}.Debug|Any CPU.ActiveCfg = Debug|Any CPU
		{6A38EFB1-FBFB-4F36-B927-C0861DEC9B74}.Debug|Any CPU.Build.0 = Debug|Any CPU
		{6A38EFB1-FBFB-4F36-B927-C0861DEC9B74}.Release|Any CPU.ActiveCfg = Release|Any CPU
		{6A38EFB1-FBFB-4F36-B927-C0861DEC9B74}.Release|Any CPU.Build.0 = Release|Any CPU
		{927CC999-3757-4B23-9400-C559F1D923CE}.Debug|Any CPU.ActiveCfg = Debug|Any CPU
		{927CC999-3757-4B23-9400-C559F1D923CE}.Debug|Any CPU.Build.0 = Debug|Any CPU
		{927CC999-3757-4B23-9400-C559F1D923CE}.Release|Any CPU.ActiveCfg = Release|Any CPU
		{927CC999-3757-4B23-9400-C559F1D923CE}.Release|Any CPU.Build.0 = Release|Any CPU
		{F120209E-7974-47B2-A9BC-7A4851340215}.Debug|Any CPU.ActiveCfg = Debug|Any CPU
		{F120209E-7974-47B2-A9BC-7A4851340215}.Debug|Any CPU.Build.0 = Debug|Any CPU
		{F120209E-7974-47B2-A9BC-7A4851340215}.Release|Any CPU.ActiveCfg = Release|Any CPU
		{F120209E-7974-47B2-A9BC-7A4851340215}.Release|Any CPU.Build.0 = Release|Any CPU
		{58671744-DC02-4412-A52A-F4E002327D62}.Debug|Any CPU.ActiveCfg = Debug|Any CPU
		{58671744-DC02-4412-A52A-F4E002327D62}.Debug|Any CPU.Build.0 = Debug|Any CPU
		{58671744-DC02-4412-A52A-F4E002327D62}.Release|Any CPU.ActiveCfg = Release|Any CPU
		{58671744-DC02-4412-A52A-F4E002327D62}.Release|Any CPU.Build.0 = Release|Any CPU
		{EC94E414-7E14-4FED-9F32-D00D2D0D2D78}.Debug|Any CPU.ActiveCfg = Debug|Any CPU
		{EC94E414-7E14-4FED-9F32-D00D2D0D2D78}.Debug|Any CPU.Build.0 = Debug|Any CPU
		{EC94E414-7E14-4FED-9F32-D00D2D0D2D78}.Release|Any CPU.ActiveCfg = Release|Any CPU
		{EC94E414-7E14-4FED-9F32-D00D2D0D2D78}.Release|Any CPU.Build.0 = Release|Any CPU
		{D238D671-A35F-43A2-ACA3-E3306823CB20}.Debug|Any CPU.ActiveCfg = Debug|Any CPU
		{D238D671-A35F-43A2-ACA3-E3306823CB20}.Debug|Any CPU.Build.0 = Debug|Any CPU
		{D238D671-A35F-43A2-ACA3-E3306823CB20}.Release|Any CPU.ActiveCfg = Release|Any CPU
		{D238D671-A35F-43A2-ACA3-E3306823CB20}.Release|Any CPU.Build.0 = Release|Any CPU
		{ED7D9604-C615-4C30-852D-76D27FB067FE}.Debug|Any CPU.ActiveCfg = Debug|Any CPU
		{ED7D9604-C615-4C30-852D-76D27FB067FE}.Debug|Any CPU.Build.0 = Debug|Any CPU
		{ED7D9604-C615-4C30-852D-76D27FB067FE}.Release|Any CPU.ActiveCfg = Release|Any CPU
		{ED7D9604-C615-4C30-852D-76D27FB067FE}.Release|Any CPU.Build.0 = Release|Any CPU
		{B76FED85-1875-4041-8280-63EF3B8D03D6}.Debug|Any CPU.ActiveCfg = Debug|Any CPU
		{B76FED85-1875-4041-8280-63EF3B8D03D6}.Debug|Any CPU.Build.0 = Debug|Any CPU
		{B76FED85-1875-4041-8280-63EF3B8D03D6}.Release|Any CPU.ActiveCfg = Release|Any CPU
		{B76FED85-1875-4041-8280-63EF3B8D03D6}.Release|Any CPU.Build.0 = Release|Any CPU
		{E719FA8B-5916-4FE2-8869-6638E2879D61}.Debug|Any CPU.ActiveCfg = Debug|Any CPU
		{E719FA8B-5916-4FE2-8869-6638E2879D61}.Debug|Any CPU.Build.0 = Debug|Any CPU
		{E719FA8B-5916-4FE2-8869-6638E2879D61}.Release|Any CPU.ActiveCfg = Release|Any CPU
		{E719FA8B-5916-4FE2-8869-6638E2879D61}.Release|Any CPU.Build.0 = Release|Any CPU
		{79607D6A-0788-4630-AB84-0CCD24DCA4D0}.Debug|Any CPU.ActiveCfg = Debug|Any CPU
		{79607D6A-0788-4630-AB84-0CCD24DCA4D0}.Debug|Any CPU.Build.0 = Debug|Any CPU
		{79607D6A-0788-4630-AB84-0CCD24DCA4D0}.Release|Any CPU.ActiveCfg = Release|Any CPU
		{79607D6A-0788-4630-AB84-0CCD24DCA4D0}.Release|Any CPU.Build.0 = Release|Any CPU
		{4A85977A-935C-4264-9A93-04E2CED6D6CA}.Debug|Any CPU.ActiveCfg = Debug|Any CPU
		{4A85977A-935C-4264-9A93-04E2CED6D6CA}.Debug|Any CPU.Build.0 = Debug|Any CPU
		{4A85977A-935C-4264-9A93-04E2CED6D6CA}.Release|Any CPU.ActiveCfg = Release|Any CPU
		{4A85977A-935C-4264-9A93-04E2CED6D6CA}.Release|Any CPU.Build.0 = Release|Any CPU
	EndGlobalSection
	GlobalSection(SolutionProperties) = preSolution
		HideSolutionNode = FALSE
	EndGlobalSection
	GlobalSection(NestedProjects) = preSolution
		{CA11A6C7-1E59-4CB7-98EA-DAA05A61A972} = {3044AB16-37FB-45B5-B31F-346EE2FCCB4D}
		{76903321-2BD9-4CC2-A656-71CF41FE2B89} = {EDD3A293-74D4-45A9-A1A6-89355CA00292}
		{6A38EFB1-FBFB-4F36-B927-C0861DEC9B74} = {94C9B568-1AB5-4037-9D97-98BAC31A0F72}
		{927CC999-3757-4B23-9400-C559F1D923CE} = {3044AB16-37FB-45B5-B31F-346EE2FCCB4D}
		{BB76C83E-7CAA-42AB-8218-082914686C7B} = {EDD3A293-74D4-45A9-A1A6-89355CA00292}
		{F120209E-7974-47B2-A9BC-7A4851340215} = {76903321-2BD9-4CC2-A656-71CF41FE2B89}
		{58671744-DC02-4412-A52A-F4E002327D62} = {76903321-2BD9-4CC2-A656-71CF41FE2B89}
		{EC94E414-7E14-4FED-9F32-D00D2D0D2D78} = {76903321-2BD9-4CC2-A656-71CF41FE2B89}
		{D238D671-A35F-43A2-ACA3-E3306823CB20} = {76903321-2BD9-4CC2-A656-71CF41FE2B89}
		{ED7D9604-C615-4C30-852D-76D27FB067FE} = {76903321-2BD9-4CC2-A656-71CF41FE2B89}
		{B76FED85-1875-4041-8280-63EF3B8D03D6} = {BB76C83E-7CAA-42AB-8218-082914686C7B}
		{E719FA8B-5916-4FE2-8869-6638E2879D61} = {BB76C83E-7CAA-42AB-8218-082914686C7B}
		{79607D6A-0788-4630-AB84-0CCD24DCA4D0} = {BB76C83E-7CAA-42AB-8218-082914686C7B}
		{4A85977A-935C-4264-9A93-04E2CED6D6CA} = {BB76C83E-7CAA-42AB-8218-082914686C7B}
	EndGlobalSection
	GlobalSection(ExtensibilityGlobals) = postSolution
		SolutionGuid = {829D3F4C-9FC3-4C1A-BD37-481A8DC72D0B}
	EndGlobalSection
EndGlobal
